{
  "_meta": {
    "file-type": "spack-lockfile",
    "lockfile-version": 4,
    "specfile-version": 3
  },
  "spack": {
    "version": "0.20.1",
    "type": "git",
    "commit": "e8658d6493887ef702dd38f0e9ee5870a1651c1e"
  },
  "roots": [
    {
      "hash": "ggysg2cvtvsqha3fkxmgrbc4hjvothh3",
      "spec": "netcdf-fortran@4.6.0%intel@2021.6.0 ^openmpi@4.1.4"
    },
    {
      "hash": "5ufj3d4mekkbugsja2o2d4ldxye244jy",
      "spec": "fms@git.2021.03.01=2021.03.01%intel@2021.6.0 cflags=\"-qno-opt-dynamic-align -fp-model precise -std=gnu99 -O2 -debug minimal\" fflags=\"-qno-opt-dynamic-align -convert big_endian -assume byterecl -ftz -traceback -assume realloc_lhs -fp-model source -O2 -debug minimal\" ~gfs_phys+large_file~openmp~quad_precision build_type=RelWithDebInfo precision=64 ^openmpi@4.1.4"
    },
    {
      "hash": "uydgbunqcp2boim5ra6slg335yeoimnl",
      "spec": "netcdf-c@4.9.2%intel@2021.6.0 build_system=cmake build_type=RelWithDebInfo ^openmpi@4.1.4"
    },
    {
      "hash": "s3r5y7trn4duezoubni2zxoaiuoxraqg",
      "spec": "openmpi@4.1.4%intel@2021.6.0"
    },
    {
      "hash": "pl54q4ctzwwbsyhwhi3jhr2ztdjckf6x",
      "spec": "esmf@8.4.2%intel@2021.6.0+debug ^openmpi@4.1.4"
    },
    {
      "hash": "gynbr3bzv2b463trj6f5o3bmhkzot43b",
      "spec": "parallelio@2.5.10%intel@2021.6.0 cflags=\"-qno-opt-dynamic-align -fp-model precise -std=gnu99 -O2 -debug minimal\" fflags=\"-qno-opt-dynamic-align -convert big_endian -assume byterecl -ftz -traceback -assume realloc_lhs -fp-model source -O2 -debug minimal\"  build_type=RelWithDebInfo ^openmpi@4.1.4"
    }
  ],
  "concrete_specs": {
    "ggysg2cvtvsqha3fkxmgrbc4hjvothh3": {
      "name": "netcdf-fortran",
      "version": "4.6.0",
      "arch": {
        "platform": "linux",
        "platform_os": "rocky8",
        "target": "x86_64"
      },
      "compiler": {
        "name": "intel",
        "version": "2021.6.0"
      },
      "namespace": "builtin",
      "parameters": {
        "build_system": "autotools",
        "doc": false,
        "pic": true,
        "shared": true,
        "cflags": [],
        "cppflags": [],
        "cxxflags": [],
        "fflags": [],
        "ldflags": [],
        "ldlibs": []
      },
      "package_hash": "4phjv4wbuh4bnhl2xlsc2uspjcwbc6rnkcyj4iwbynzictjmaanq====",
      "dependencies": [
        {
          "name": "netcdf-c",
          "hash": "uydgbunqcp2boim5ra6slg335yeoimnl",
          "type": [
            "build",
            "link"
          ]
        }
      ],
      "hash": "ggysg2cvtvsqha3fkxmgrbc4hjvothh3"
    },
    "uydgbunqcp2boim5ra6slg335yeoimnl": {
      "name": "netcdf-c",
      "version": "4.9.2",
      "arch": {
        "platform": "linux",
        "platform_os": "rocky8",
        "target": "x86_64"
      },
      "compiler": {
        "name": "intel",
        "version": "2021.6.0"
      },
      "namespace": "builtin",
      "parameters": {
        "blosc": true,
        "build_system": "cmake",
        "build_type": "RelWithDebInfo",
        "byterange": false,
        "dap": false,
        "fsync": false,
        "generator": "make",
        "hdf4": false,
        "ipo": false,
        "jna": false,
        "mpi": true,
        "nczarr_zip": false,
        "optimize": true,
        "parallel-netcdf": false,
        "pic": true,
        "shared": true,
        "szip": true,
        "zstd": true,
        "cflags": [],
        "cppflags": [],
        "cxxflags": [],
        "fflags": [],
        "ldflags": [],
        "ldlibs": []
      },
      "package_hash": "sfmwuhq2eoiyae65vyvvgr7shrxo6msd4k65e4qhahr77n5qwpvq====",
      "dependencies": [
        {
          "name": "bzip2",
          "hash": "jokuqf2vmonjdgtsbqgah6mf3tn6xuhf",
          "type": [
            "build",
            "link"
          ]
        },
        {
          "name": "c-blosc",
          "hash": "rjotru4rl3s4jdefzi5dl2r4pirdrbao",
          "type": [
            "build",
            "link"
          ]
        },
        {
          "name": "cmake",
          "hash": "irvpvwdayajev6ygntnpsqig7gxmf77n",
          "type": [
            "build"
          ]
        },
        {
          "name": "gmake",
          "hash": "dlzl25hld2soycxvn3j7g3hak5qcodaq",
          "type": [
            "build"
          ]
        },
        {
          "name": "hdf5",
          "hash": "mq6ms2ufzgs53nmb64lwkvogbehjo5ps",
          "type": [
            "build",
            "link"
          ]
        },
        {
          "name": "libaec",
          "hash": "rk6xswwh7q6oh34rm3l3qo4oxfuv5kxu",
          "type": [
            "build",
            "link"
          ]
        },
        {
          "name": "m4",
          "hash": "sapdb4zw2epidgagdikrtzyd2e2ydj7f",
          "type": [
            "build"
          ]
        },
        {
          "name": "openmpi",
          "hash": "s3r5y7trn4duezoubni2zxoaiuoxraqg",
          "type": [
            "build",
            "link"
          ]
        },
        {
          "name": "zlib",
          "hash": "5yu2gp6qhfo2mpixveobrczp4o6ovkwb",
          "type": [
            "build",
            "link"
          ]
        },
        {
          "name": "zstd",
          "hash": "2ajcfbqbiawbfnxxxsgaxjh2xvm7r5iw",
          "type": [
            "build",
            "link"
          ]
        }
      ],
      "hash": "uydgbunqcp2boim5ra6slg335yeoimnl"
    },
    "jokuqf2vmonjdgtsbqgah6mf3tn6xuhf": {
      "name": "bzip2",
      "version": "1.0.8",
      "arch": {
        "platform": "linux",
        "platform_os": "rocky8",
        "target": "x86_64"
      },
      "compiler": {
        "name": "intel",
        "version": "2021.6.0"
      },
      "namespace": "builtin",
      "parameters": {
        "build_system": "generic",
        "debug": false,
        "pic": false,
        "shared": true,
        "cflags": [],
        "cppflags": [],
        "cxxflags": [],
        "fflags": [],
        "ldflags": [],
        "ldlibs": []
      },
      "package_hash": "uzbfzh3bgm44pop46fdhw5gm7bqbprjrq7uqe2ulgqpjsm5q553q====",
      "dependencies": [
        {
          "name": "diffutils",
          "hash": "6qnpfizeqouqhflmfr4npzx2wxtlmjmg",
          "type": [
            "build"
          ]
        }
      ],
      "hash": "jokuqf2vmonjdgtsbqgah6mf3tn6xuhf"
    },
    "6qnpfizeqouqhflmfr4npzx2wxtlmjmg": {
      "name": "diffutils",
      "version": "3.6",
      "arch": {
        "platform": "linux",
        "platform_os": "rocky8",
        "target": "x86_64"
      },
      "compiler": {
        "name": "intel",
        "version": "2021.6.0"
      },
      "namespace": "builtin",
      "parameters": {
        "build_system": "autotools",
        "cflags": [],
        "cppflags": [],
        "cxxflags": [],
        "fflags": [],
        "ldflags": [],
        "ldlibs": []
      },
      "external": {
        "path": "/usr",
        "module": null,
        "extra_attributes": {}
      },
      "package_hash": "wczenrbgagtesf7wee46apoht7caprcxzkpzhutvufagyzhevchq====",
      "hash": "6qnpfizeqouqhflmfr4npzx2wxtlmjmg"
    },
    "rjotru4rl3s4jdefzi5dl2r4pirdrbao": {
      "name": "c-blosc",
      "version": "1.21.2",
      "arch": {
        "platform": "linux",
        "platform_os": "rocky8",
        "target": "x86_64"
      },
      "compiler": {
        "name": "intel",
        "version": "2021.6.0"
      },
      "namespace": "builtin",
      "parameters": {
        "avx2": true,
        "build_system": "cmake",
        "build_type": "Release",
        "generator": "make",
        "ipo": false,
        "cflags": [],
        "cppflags": [],
        "cxxflags": [],
        "fflags": [],
        "ldflags": [],
        "ldlibs": []
      },
      "package_hash": "ltgtbtck7bkxzs323vxbwge2wdtc7hhc6j33lafcdrlvp5w3ltcq====",
      "dependencies": [
        {
          "name": "cmake",
          "hash": "irvpvwdayajev6ygntnpsqig7gxmf77n",
          "type": [
            "build"
          ]
        },
        {
          "name": "gmake",
          "hash": "dlzl25hld2soycxvn3j7g3hak5qcodaq",
          "type": [
            "build"
          ]
        },
        {
          "name": "lz4",
          "hash": "pr2y7k7oemb43nwlsfra2462tjeuxooe",
          "type": [
            "build",
            "link"
          ]
        },
        {
          "name": "snappy",
          "hash": "se6rg47ymf3epgzpz4xaswbxd4ccbn7q",
          "type": [
            "build",
            "link"
          ]
        },
        {
          "name": "zlib",
          "hash": "5yu2gp6qhfo2mpixveobrczp4o6ovkwb",
          "type": [
            "build",
            "link"
          ]
        },
        {
          "name": "zstd",
          "hash": "2ajcfbqbiawbfnxxxsgaxjh2xvm7r5iw",
          "type": [
            "build",
            "link"
          ]
        }
      ],
      "hash": "rjotru4rl3s4jdefzi5dl2r4pirdrbao"
    },
    "irvpvwdayajev6ygntnpsqig7gxmf77n": {
      "name": "cmake",
      "version": "3.24.2",
      "arch": {
        "platform": "linux",
        "platform_os": "rocky8",
        "target": "x86_64"
      },
      "compiler": {
        "name": "intel",
        "version": "2021.6.0"
      },
      "namespace": "builtin",
      "parameters": {
        "build_system": "generic",
        "build_type": "Release",
        "doc": false,
        "ncurses": true,
        "ownlibs": true,
        "qt": false,
        "cflags": [],
        "cppflags": [],
        "cxxflags": [],
        "fflags": [],
        "ldflags": [],
        "ldlibs": []
      },
      "external": {
        "path": "/apps/cmake/3.24.2",
        "module": [
          "cmake/3.24.2"
        ],
        "extra_attributes": {}
      },
      "package_hash": "jbntedyqysmfw532bjsoy7xpeem5kyas7ne6damopg4wdebgitia====",
      "hash": "irvpvwdayajev6ygntnpsqig7gxmf77n"
    },
    "dlzl25hld2soycxvn3j7g3hak5qcodaq": {
      "name": "gmake",
      "version": "4.2.1",
      "arch": {
        "platform": "linux",
        "platform_os": "rocky8",
        "target": "x86_64"
      },
      "compiler": {
        "name": "intel",
        "version": "2021.6.0"
      },
      "namespace": "builtin",
      "parameters": {
        "build_system": "autotools",
        "guile": false,
        "patches": [
          "ca60bd9c1a1b35bc0dc58b6a4a19d5c2651f7a94a4b22b2c5ea001a1ca7a8a7f",
          "fe5b60d091c33f169740df8cb718bf4259f84528b42435194ffe0dd5b79cd125"
        ],
        "cflags": [],
        "cppflags": [],
        "cxxflags": [],
        "fflags": [],
        "ldflags": [],
        "ldlibs": []
      },
      "external": {
        "path": "/usr",
        "module": null,
        "extra_attributes": {}
      },
      "patches": [
        "fe5b60d091c33f169740df8cb718bf4259f84528b42435194ffe0dd5b79cd125",
        "ca60bd9c1a1b35bc0dc58b6a4a19d5c2651f7a94a4b22b2c5ea001a1ca7a8a7f"
      ],
      "package_hash": "re5cq57zix7tjkdgqw2o2ry7uwbqennanl7xjzp3ev3rvp5wlx2q====",
      "hash": "dlzl25hld2soycxvn3j7g3hak5qcodaq"
    },
    "pr2y7k7oemb43nwlsfra2462tjeuxooe": {
      "name": "lz4",
      "version": "1.9.4",
      "arch": {
        "platform": "linux",
        "platform_os": "rocky8",
        "target": "x86_64"
      },
      "compiler": {
        "name": "intel",
        "version": "2021.6.0"
      },
      "namespace": "builtin",
      "parameters": {
        "build_system": "makefile",
        "libs": [
          "shared",
          "static"
        ],
        "cflags": [],
        "cppflags": [],
        "cxxflags": [],
        "fflags": [],
        "ldflags": [],
        "ldlibs": []
      },
      "package_hash": "dgefonxz2jvwsno4xfkl7regljwu5465apiufiu6pjtrorseihiq====",
      "hash": "pr2y7k7oemb43nwlsfra2462tjeuxooe"
    },
    "se6rg47ymf3epgzpz4xaswbxd4ccbn7q": {
      "name": "snappy",
      "version": "1.1.10",
      "arch": {
        "platform": "linux",
        "platform_os": "rocky8",
        "target": "x86_64"
      },
      "compiler": {
        "name": "intel",
        "version": "2021.6.0"
      },
      "namespace": "builtin",
      "parameters": {
        "build_system": "cmake",
        "build_type": "Release",
        "generator": "make",
        "ipo": false,
        "pic": true,
        "shared": true,
        "cflags": [],
        "cppflags": [],
        "cxxflags": [],
        "fflags": [],
        "ldflags": [],
        "ldlibs": []
      },
      "package_hash": "hazivkvorz7i3e7wzvyzghsu5ya43ap64om4xyfsoktk7wz7tpbq====",
      "dependencies": [
        {
          "name": "cmake",
          "hash": "irvpvwdayajev6ygntnpsqig7gxmf77n",
          "type": [
            "build"
          ]
        },
        {
          "name": "gmake",
          "hash": "dlzl25hld2soycxvn3j7g3hak5qcodaq",
          "type": [
            "build"
          ]
        }
      ],
      "hash": "se6rg47ymf3epgzpz4xaswbxd4ccbn7q"
    },
    "5yu2gp6qhfo2mpixveobrczp4o6ovkwb": {
      "name": "zlib",
      "version": "1.2.13",
      "arch": {
        "platform": "linux",
        "platform_os": "rocky8",
        "target": "x86_64"
      },
      "compiler": {
        "name": "intel",
        "version": "2021.6.0"
      },
      "namespace": "builtin",
      "parameters": {
        "build_system": "makefile",
        "optimize": true,
        "pic": true,
        "shared": true,
        "cflags": [],
        "cppflags": [],
        "cxxflags": [],
        "fflags": [],
        "ldflags": [],
        "ldlibs": []
      },
      "package_hash": "y6ahhnjjjsfh5dx2y7sci7fhthq5aolyl5dgwif57qqbtjxwdwbq====",
      "hash": "5yu2gp6qhfo2mpixveobrczp4o6ovkwb"
    },
    "2ajcfbqbiawbfnxxxsgaxjh2xvm7r5iw": {
      "name": "zstd",
      "version": "1.5.5",
      "arch": {
        "platform": "linux",
        "platform_os": "rocky8",
        "target": "x86_64"
      },
      "compiler": {
        "name": "intel",
        "version": "2021.6.0"
      },
      "namespace": "builtin",
      "parameters": {
        "build_system": "makefile",
        "libs": [
          "shared",
          "static"
        ],
        "programs": false,
        "cflags": [],
        "cppflags": [],
        "cxxflags": [],
        "fflags": [],
        "ldflags": [],
        "ldlibs": []
      },
      "package_hash": "siyun7fbztstttmpvj6uca26svglxhtltno7se4cputoimuejuwq====",
      "hash": "2ajcfbqbiawbfnxxxsgaxjh2xvm7r5iw"
    },
    "mq6ms2ufzgs53nmb64lwkvogbehjo5ps": {
      "name": "hdf5",
      "version": "1.14.1-2",
      "arch": {
        "platform": "linux",
        "platform_os": "rocky8",
        "target": "x86_64"
      },
      "compiler": {
        "name": "intel",
        "version": "2021.6.0"
      },
      "namespace": "builtin",
      "parameters": {
        "api": "default",
        "build_system": "cmake",
        "build_type": "Release",
        "cxx": false,
        "fortran": false,
        "generator": "make",
        "hl": true,
        "ipo": false,
        "java": false,
        "map": false,
        "mpi": true,
        "shared": true,
        "szip": false,
        "threadsafe": false,
        "tools": true,
        "cflags": [],
        "cppflags": [],
        "cxxflags": [],
        "fflags": [],
        "ldflags": [],
        "ldlibs": []
      },
      "package_hash": "ackscm43ygyat7q6ync6gstltoe3reex776he4o2cko5gb3jfdzq====",
      "dependencies": [
        {
          "name": "cmake",
          "hash": "irvpvwdayajev6ygntnpsqig7gxmf77n",
          "type": [
            "build"
          ]
        },
        {
          "name": "gmake",
          "hash": "dlzl25hld2soycxvn3j7g3hak5qcodaq",
          "type": [
            "build"
          ]
        },
        {
          "name": "openmpi",
          "hash": "s3r5y7trn4duezoubni2zxoaiuoxraqg",
          "type": [
            "build",
            "link"
          ]
        },
        {
          "name": "pkgconf",
          "hash": "x2rybuqsv6h7p5mtwonbp45zcrnut5si",
          "type": [
            "run"
          ]
        },
        {
          "name": "zlib",
          "hash": "5yu2gp6qhfo2mpixveobrczp4o6ovkwb",
          "type": [
            "build",
            "link"
          ]
        }
      ],
      "hash": "mq6ms2ufzgs53nmb64lwkvogbehjo5ps"
    },
    "s3r5y7trn4duezoubni2zxoaiuoxraqg": {
      "name": "openmpi",
      "version": "4.1.4-debug",
      "arch": {
        "platform": "linux",
        "platform_os": "rocky8",
        "target": "x86_64"
      },
      "compiler": {
        "name": "intel",
        "version": "2021.6.0"
      },
      "namespace": "builtin",
      "parameters": {
        "atomics": false,
        "build_system": "autotools",
        "cuda": false,
        "cxx": false,
        "cxx_exceptions": false,
        "fabrics": [
          "none"
        ],
        "gpfs": false,
        "internal-hwloc": false,
        "java": false,
        "legacylaunchers": false,
        "lustre": false,
        "memchecker": false,
        "orterunprefix": false,
        "romio": true,
        "rsh": true,
        "schedulers": [
          "none"
        ],
        "singularity": false,
        "static": true,
        "vt": true,
        "wrapper-rpath": true,
        "cflags": [],
        "cppflags": [],
        "cxxflags": [],
        "fflags": [],
        "ldflags": [],
        "ldlibs": []
      },
      "external": {
        "path": "/apps/openmpi/4.1.4-debug",
        "module": [
          "openmpi/4.1.4-debug"
        ],
        "extra_attributes": {}
      },
      "package_hash": "amawjbvqk6ehdwwv3ltscshbzeem23agvewgncjpwlf5the557nq====",
      "hash": "s3r5y7trn4duezoubni2zxoaiuoxraqg"
    },
    "x2rybuqsv6h7p5mtwonbp45zcrnut5si": {
      "name": "pkgconf",
      "version": "1.4.2",
      "arch": {
        "platform": "linux",
        "platform_os": "rocky8",
        "target": "x86_64"
      },
      "compiler": {
        "name": "intel",
        "version": "2021.6.0"
      },
      "namespace": "builtin",
      "parameters": {
        "build_system": "autotools",
        "cflags": [],
        "cppflags": [],
        "cxxflags": [],
        "fflags": [],
        "ldflags": [],
        "ldlibs": []
      },
      "external": {
        "path": "/usr",
        "module": null,
        "extra_attributes": {}
      },
      "package_hash": "a34g7yrtw3jwrd2yxo66mq6atwqwxu2n5v3woe3ci3wik7ykbeiq====",
      "hash": "x2rybuqsv6h7p5mtwonbp45zcrnut5si"
    },
    "rk6xswwh7q6oh34rm3l3qo4oxfuv5kxu": {
      "name": "libaec",
      "version": "1.0.6",
      "arch": {
        "platform": "linux",
        "platform_os": "rocky8",
        "target": "x86_64"
      },
      "compiler": {
        "name": "intel",
        "version": "2021.6.0"
      },
      "namespace": "builtin",
      "parameters": {
        "build_system": "cmake",
        "build_type": "Release",
        "generator": "make",
        "ipo": false,
        "shared": true,
        "cflags": [],
        "cppflags": [],
        "cxxflags": [],
        "fflags": [],
        "ldflags": [],
        "ldlibs": []
      },
      "package_hash": "npsraeplv4at6paswjoofeaiowswid7fhrcczmocyxtb7twftyuq====",
      "dependencies": [
        {
          "name": "cmake",
          "hash": "irvpvwdayajev6ygntnpsqig7gxmf77n",
          "type": [
            "build"
          ]
        },
        {
          "name": "gmake",
          "hash": "dlzl25hld2soycxvn3j7g3hak5qcodaq",
          "type": [
            "build"
          ]
        }
      ],
      "hash": "rk6xswwh7q6oh34rm3l3qo4oxfuv5kxu"
    },
    "sapdb4zw2epidgagdikrtzyd2e2ydj7f": {
      "name": "m4",
      "version": "1.4.18",
      "arch": {
        "platform": "linux",
        "platform_os": "rocky8",
        "target": "x86_64"
      },
      "compiler": {
        "name": "intel",
        "version": "2021.6.0"
      },
      "namespace": "builtin",
      "parameters": {
        "build_system": "autotools",
        "patches": [
          "3877ab548f88597ab2327a2230ee048d2d07ace1062efe81fc92e91b7f39cd00",
          "fc9b61654a3ba1a8d6cd78ce087e7c96366c290bc8d2c299f09828d793b853c8"
        ],
        "sigsegv": true,
        "cflags": [],
        "cppflags": [],
        "cxxflags": [],
        "fflags": [],
        "ldflags": [],
        "ldlibs": []
      },
      "external": {
        "path": "/usr",
        "module": null,
        "extra_attributes": {}
      },
      "patches": [
        "3877ab548f88597ab2327a2230ee048d2d07ace1062efe81fc92e91b7f39cd00",
        "fc9b61654a3ba1a8d6cd78ce087e7c96366c290bc8d2c299f09828d793b853c8"
      ],
      "package_hash": "cpu4y7dwgx56tgjplzhd4andkbxatkqyuhm7ewi4enw77ykejbaq====",
      "hash": "sapdb4zw2epidgagdikrtzyd2e2ydj7f"
    },
    "5ufj3d4mekkbugsja2o2d4ldxye244jy": {
      "name": "fms",
      "version": "git.2021.03.01=2021.03.01",
      "arch": {
        "platform": "linux",
        "platform_os": "rocky8",
        "target": "x86_64"
      },
      "compiler": {
        "name": "intel",
        "version": "2021.6.0"
      },
      "namespace": "cosima",
      "parameters": {
        "build_system": "cmake",
        "build_type": "RelWithDebInfo",
        "generator": "make",
        "gfs_phys": false,
        "internal_file_nml": false,
        "ipo": false,
        "large_file": true,
        "openmp": false,
        "patches": [
          "0b8ec551689eaa6423742021e3f8ad573b4190ba813ed29ada843ce06fb22f04"
        ],
        "precision": [
          "64"
        ],
        "quad_precision": false,
        "cflags": [
          "-qno-opt-dynamic-align",
          "-fp-model precise",
          "-std=gnu99",
          "-O2",
          "-debug minimal"
        ],
        "cppflags": [],
        "cxxflags": [],
        "fflags": [
          "-qno-opt-dynamic-align",
          "-convert big_endian",
          "-assume byterecl",
          "-ftz",
          "-traceback",
          "-assume realloc_lhs",
          "-fp-model source",
          "-O2",
          "-debug minimal"
        ],
        "ldflags": [],
        "ldlibs": []
      },
      "patches": [
        "0b8ec551689eaa6423742021e3f8ad573b4190ba813ed29ada843ce06fb22f04"
      ],
      "package_hash": "m4y2wxyfsy5b2xkemzcptoygfwo7kjmszrmynpkksyq27afo3k4q====",
      "dependencies": [
        {
          "name": "cmake",
          "hash": "irvpvwdayajev6ygntnpsqig7gxmf77n",
          "type": [
            "build"
          ]
        },
        {
          "name": "gmake",
          "hash": "dlzl25hld2soycxvn3j7g3hak5qcodaq",
          "type": [
            "build"
          ]
        },
        {
          "name": "netcdf-c",
          "hash": "uydgbunqcp2boim5ra6slg335yeoimnl",
          "type": [
            "build",
            "link"
          ]
        },
        {
          "name": "netcdf-fortran",
          "hash": "ggysg2cvtvsqha3fkxmgrbc4hjvothh3",
          "type": [
            "build",
            "link"
          ]
        },
        {
          "name": "openmpi",
          "hash": "s3r5y7trn4duezoubni2zxoaiuoxraqg",
          "type": [
            "build",
            "link"
          ]
        }
      ],
      "hash": "5ufj3d4mekkbugsja2o2d4ldxye244jy"
    },
    "pl54q4ctzwwbsyhwhi3jhr2ztdjckf6x": {
      "name": "esmf",
      "version": "8.4.2",
      "arch": {
        "platform": "linux",
        "platform_os": "rocky8",
        "target": "x86_64"
      },
      "compiler": {
        "name": "intel",
        "version": "2021.6.0"
      },
      "namespace": "builtin",
      "parameters": {
        "build_system": "makefile",
        "debug": true,
        "esmf_comm": "auto",
        "esmf_os": "auto",
        "esmf_pio": "auto",
        "external-lapack": false,
        "external-parallelio": true,
        "mpi": true,
        "netcdf": true,
        "patches": [
          "f63d4050cf90cc3577291804b752e37d87a657e0775fb5c8ddfec540a7aa73eb"
        ],
        "pnetcdf": false,
        "shared": true,
        "xerces": false,
        "cflags": [],
        "cppflags": [],
        "cxxflags": [],
        "fflags": [],
        "ldflags": [],
        "ldlibs": []
      },
      "patches": [
        "f63d4050cf90cc3577291804b752e37d87a657e0775fb5c8ddfec540a7aa73eb"
      ],
      "package_hash": "o7norn3czmbi7bas4raklydj3rqdej43rtel2qxcu6ntlo2kda3q====",
      "dependencies": [
        {
          "name": "netcdf-c",
          "hash": "uydgbunqcp2boim5ra6slg335yeoimnl",
          "type": [
            "build",
            "link"
          ]
        },
        {
          "name": "netcdf-fortran",
          "hash": "ggysg2cvtvsqha3fkxmgrbc4hjvothh3",
          "type": [
            "build",
            "link"
          ]
        },
        {
          "name": "openmpi",
          "hash": "s3r5y7trn4duezoubni2zxoaiuoxraqg",
          "type": [
            "build",
            "link"
          ]
        },
        {
          "name": "parallelio",
          "hash": "gynbr3bzv2b463trj6f5o3bmhkzot43b",
          "type": [
            "build",
            "link"
          ]
        }
      ],
      "hash": "pl54q4ctzwwbsyhwhi3jhr2ztdjckf6x"
    },
    "gynbr3bzv2b463trj6f5o3bmhkzot43b": {
      "name": "parallelio",
      "version": "2.5.10",
      "arch": {
        "platform": "linux",
        "platform_os": "rocky8",
        "target": "x86_64"
      },
      "compiler": {
        "name": "intel",
        "version": "2021.6.0"
      },
      "namespace": "cosima",
      "parameters": {
        "build_system": "cmake",
        "build_type": "RelWithDebInfo",
        "fortran": true,
        "generator": "make",
        "ipo": false,
        "logging": false,
        "mpi": true,
        "pnetcdf": false,
        "shared": true,
        "timing": false,
        "cflags": [
          "-qno-opt-dynamic-align",
          "-fp-model precise",
          "-std=gnu99",
          "-O2",
          "-debug minimal"
        ],
        "cppflags": [],
        "cxxflags": [],
        "fflags": [
          "-qno-opt-dynamic-align",
          "-convert big_endian",
          "-assume byterecl",
          "-ftz",
          "-traceback",
          "-assume realloc_lhs",
          "-fp-model source",
          "-O2",
          "-debug minimal"
        ],
        "ldflags": [],
        "ldlibs": []
      },
      "package_hash": "oycu5p6uekp6yipdyzbucmq4w3hpe2xtel43t7du74bdvfj5fxvq====",
      "dependencies": [
        {
          "name": "cmake",
          "hash": "irvpvwdayajev6ygntnpsqig7gxmf77n",
          "type": [
            "build"
          ]
        },
        {
          "name": "gmake",
          "hash": "dlzl25hld2soycxvn3j7g3hak5qcodaq",
          "type": [
            "build"
          ]
        },
        {
          "name": "netcdf-c",
          "hash": "uydgbunqcp2boim5ra6slg335yeoimnl",
          "type": [
            "link"
          ]
        },
        {
          "name": "netcdf-fortran",
          "hash": "ggysg2cvtvsqha3fkxmgrbc4hjvothh3",
          "type": [
            "link"
          ]
        },
        {
          "name": "openmpi",
          "hash": "s3r5y7trn4duezoubni2zxoaiuoxraqg",
          "type": [
            "build",
            "link"
          ]
        }
      ],
      "hash": "gynbr3bzv2b463trj6f5o3bmhkzot43b"
    }
  }
}